
Microsoft Visual Studio Solution File, Format Version 12.00
# Visual Studio Version 17
VisualStudioVersion = 17.9.34728.123
MinimumVisualStudioVersion = 10.0.40219.1
Project("{FAE04EC0-301F-11D3-BF4B-00C04F79EFBC}") = "Labb 3 – Designmönster och Arkitektur", "Labb 3 – Designmönster och Arkitektur.csproj", "{1E5183DF-B1D1-4E46-A695-F96DA577B6F3}"
EndProject
Global
	GlobalSection(SolutionConfigurationPlatforms) = preSolution
		Debug|Any CPU = Debug|Any CPU
		Release|Any CPU = Release|Any CPU
	EndGlobalSection
	GlobalSection(ProjectConfigurationPlatforms) = postSolution
		{1E5183DF-B1D1-4E46-A695-F96DA577B6F3}.Debug|Any CPU.ActiveCfg = Debug|Any CPU
		{1E5183DF-B1D1-4E46-A695-F96DA577B6F3}.Debug|Any CPU.Build.0 = Debug|Any CPU
		{1E5183DF-B1D1-4E46-A695-F96DA577B6F3}.Release|Any CPU.ActiveCfg = Release|Any CPU
		{1E5183DF-B1D1-4E46-A695-F96DA577B6F3}.Release|Any CPU.Build.0 = Release|Any CPU
	EndGlobalSection
	GlobalSection(SolutionProperties) = preSolution
		HideSolutionNode = FALSE
	EndGlobalSection
	GlobalSection(ExtensibilityGlobals) = postSolution
		SolutionGuid = {6043EA1D-989C-400D-95F3-D6F864C8A74C}
	EndGlobalSection
EndGlobal
